// !$*UTF8*$!
{
	archiveVersion = 1;
	classes = {
	};
	objectVersion = 46;
	objects = {

/* Begin PBXBuildFile section */
		E259F1CC1C3F289100449613 /* AppDelegate.swift in Sources */ = {isa = PBXBuildFile; fileRef = E259F1CB1C3F289100449613 /* AppDelegate.swift */; };
		E259F1CE1C3F289100449613 /* ViewController.swift in Sources */ = {isa = PBXBuildFile; fileRef = E259F1CD1C3F289100449613 /* ViewController.swift */; };
		E259F1D11C3F289100449613 /* Main.storyboard in Resources */ = {isa = PBXBuildFile; fileRef = E259F1CF1C3F289100449613 /* Main.storyboard */; };
		E259F1D31C3F289100449613 /* Assets.xcassets in Resources */ = {isa = PBXBuildFile; fileRef = E259F1D21C3F289100449613 /* Assets.xcassets */; };
		E259F1D61C3F289100449613 /* LaunchScreen.storyboard in Resources */ = {isa = PBXBuildFile; fileRef = E259F1D41C3F289100449613 /* LaunchScreen.storyboard */; };
/* End PBXBuildFile section */

/* Begin PBXFileReference section */
		E259F1C81C3F289100449613 /* PruebaGit1.app */ = {isa = PBXFileReference; explicitFileType = wrapper.application; includeInIndex = 0; path = PruebaGit1.app; sourceTree = BUILT_PRODUCTS_DIR; };
		E259F1CB1C3F289100449613 /* AppDelegate.swift */ = {isa = PBXFileReference; lastKnownFileType = sourcecode.swift; path = AppDelegate.swift; sourceTree = "<group>"; };
		E259F1CD1C3F289100449613 /* ViewController.swift */ = {isa = PBXFileReference; lastKnownFileType = sourcecode.swift; path = ViewController.swift; sourceTree = "<group>"; };
		E259F1D01C3F289100449613 /* Base */ = {isa = PBXFileReference; lastKnownFileType = file.storyboard; name = Base; path = Base.lproj/Main.storyboard; sourceTree = "<group>"; };
		E259F1D21C3F289100449613 /* Assets.xcassets */ = {isa = PBXFileReference; lastKnownFileType = folder.assetcatalog; path = Assets.xcassets; sourceTree = "<group>"; };
		E259F1D51C3F289100449613 /* Base */ = {isa = PBXFileReference; lastKnownFileType = file.storyboard; name = Base; path = Base.lproj/LaunchScreen.storyboard; sourceTree = "<group>"; };
		E259F1D71C3F289100449613 /* Info.plist */ = {isa = PBXFileReference; lastKnownFileType = text.plist.xml; path = Info.plist; sourceTree = "<group>"; };
/* End PBXFileReference section */

/* Begin PBXFrameworksBuildPhase section */
		E259F1C51C3F289100449613 /* Frameworks */ = {
			isa = PBXFrameworksBuildPhase;
			buildActionMask = 2147483647;
			files = (
			);
			runOnlyForDeploymentPostprocessing = 0;
		};
/* End PBXFrameworksBuildPhase section */

/* Begin PBXGroup section */
		E259F1BF1C3F289100449613 = {
			isa = PBXGroup;
			children = (
				E259F1CA1C3F289100449613 /* PruebaGit1 */,
				E259F1C91C3F289100449613 /* Products */,
			);
			sourceTree = "<group>";
		};
		E259F1C91C3F289100449613 /* Products */ = {
			isa = PBXGroup;
			children = (
				E259F1C81C3F289100449613 /* PruebaGit1.app */,
			);
			name = Products;
			sourceTree = "<group>";
		};
		E259F1CA1C3F289100449613 /* PruebaGit1 */ = {
			isa = PBXGroup;
			children = (
				E259F1CB1C3F289100449613 /* AppDelegate.swift */,
				E259F1CD1C3F289100449613 /* ViewController.swift */,
				E259F1CF1C3F289100449613 /* Main.storyboard */,
				E259F1D21C3F289100449613 /* Assets.xcassets */,
				E259F1D41C3F289100449613 /* LaunchScreen.storyboard */,
				E259F1D71C3F289100449613 /* Info.plist */,
			);
			path = PruebaGit1;
			sourceTree = "<group>";
		};
/* End PBXGroup section */

/* Begin PBXNativeTarget section */
		E259F1C71C3F289100449613 /* PruebaGit1 */ = {
			isa = PBXNativeTarget;
			buildConfigurationList = E259F1DA1C3F289100449613 /* Build configuration list for PBXNativeTarget "PruebaGit1" */;
			buildPhases = (
				E259F1C41C3F289100449613 /* Sources */,
				E259F1C51C3F289100449613 /* Frameworks */,
				E259F1C61C3F289100449613 /* Resources */,
			);
			buildRules = (
			);
			dependencies = (
			);
			name = PruebaGit1;
			productName = PruebaGit1;
			productReference = E259F1C81C3F289100449613 /* PruebaGit1.app */;
			productType = "com.apple.product-type.application";
		};
/* End PBXNativeTarget section */

/* Begin PBXProject section */
		E259F1C01C3F289100449613 /* Project object */ = {
			isa = PBXProject;
			attributes = {
				LastSwiftUpdateCheck = 0720;
				LastUpgradeCheck = 0720;
				ORGANIZATIONNAME = "Henry Molina Gómez";
				TargetAttributes = {
					E259F1C71C3F289100449613 = {
						CreatedOnToolsVersion = 7.2;
					};
				};
			};
			buildConfigurationList = E259F1C31C3F289100449613 /* Build configuration list for PBXProject "PruebaGit1" */;
			compatibilityVersion = "Xcode 3.2";
			developmentRegion = English;
			hasScannedForEncodings = 0;
			knownRegions = (
				en,
				Base,
			);
			mainGroup = E259F1BF1C3F289100449613;
			productRefGroup = E259F1C91C3F289100449613 /* Products */;
			projectDirPath = "";
			projectRoot = "";
			targets = (
				E259F1C71C3F289100449613 /* PruebaGit1 */,
			);
		};
/* End PBXProject section */

/* Begin PBXResourcesBuildPhase section */
		E259F1C61C3F289100449613 /* Resources */ = {
			isa = PBXResourcesBuildPhase;
			buildActionMask = 2147483647;
			files = (
				E259F1D61C3F289100449613 /* LaunchScreen.storyboard in Resources */,
				E259F1D31C3F289100449613 /* Assets.xcassets in Resources */,
				E259F1D11C3F289100449613 /* Main.storyboard in Resources */,
			);
			runOnlyForDeploymentPostprocessing = 0;
		};
/* End PBXResourcesBuildPhase section */

/* Begin PBXSourcesBuildPhase section */
		E259F1C41C3F289100449613 /* Sources */ = {
			isa = PBXSourcesBuildPhase;
			buildActionMask = 2147483647;
			files = (
				E259F1CE1C3F289100449613 /* ViewController.swift in Sources */,
				E259F1CC1C3F289100449613 /* AppDelegate.swift in Sources */,
			);
			runOnlyForDeploymentPostprocessing = 0;
		};
/* End PBXSourcesBuildPhase section */

/* Begin PBXVariantGroup section */
		E259F1CF1C3F289100449613 /* Main.storyboard */ = {
			isa = PBXVariantGroup;
			children = (
				E259F1D01C3F289100449613 /* Base */,
			);
			name = Main.storyboard;
			sourceTree = "<group>";
		};
		E259F1D41C3F289100449613 /* LaunchScreen.storyboard */ = {
			isa = PBXVariantGroup;
			children = (
				E259F1D51C3F289100449613 /* Base */,
			);
			name = LaunchScreen.storyboard;
			sourceTree = "<group>";
		};
/* End PBXVariantGroup section */

/* Begin XCBuildConfiguration section */
		E259F1D81C3F289100449613 /* Debug */ = {
			isa = XCBuildConfiguration;
			buildSettings = {
				ALWAYS_SEARCH_USER_PATHS = NO;
				CLANG_CXX_LANGUAGE_STANDARD = "gnu++0x";
				CLANG_CXX_LIBRARY = "libc++";
				CLANG_ENABLE_MODULES = YES;
				CLANG_ENABLE_OBJC_ARC = YES;
				CLANG_WARN_BOOL_CONVERSION = YES;
				CLANG_WARN_CONSTANT_CONVERSION = YES;
				CLANG_WARN_DIRECT_OBJC_ISA_USAGE = YES_ERROR;
				CLANG_WARN_EMPTY_BODY = YES;
				CLANG_WARN_ENUM_CONVERSION = YES;
				CLANG_WARN_INT_CONVERSION = YES;
				CLANG_WARN_OBJC_ROOT_CLASS = YES_ERROR;
				CLANG_WARN_UNREACHABLE_CODE = YES;
				CLANG_WARN__DUPLICATE_METHOD_MATCH = YES;
				"CODE_SIGN_IDENTITY[sdk=iphoneos*]" = "iPhone Developer";
				COPY_PHASE_STRIP = NO;
				DEBUG_INFORMATION_FORMAT = dwarf;
				ENABLE_STRICT_OBJC_MSGSEND = YES;
				ENABLE_TESTABILITY = YES;
				GCC_C_LANGUAGE_STANDARD = gnu99;
				GCC_DYNAMIC_NO_PIC = NO;
				GCC_NO_COMMON_BLOCKS = YES;
				GCC_OPTIMIZATION_LEVEL = 0;
				GCC_PREPROCESSOR_DEFINITIONS = (
					"DEBUG=1",
					"$(inherited)",
				);
				GCC_WARN_64_TO_32_BIT_CONVERSION = YES;
				GCC_WARN_ABOUT_RETURN_TYPE = YES_ERROR;
				GCC_WARN_UNDECLARED_SELECTOR = YES;
				GCC_WARN_UNINITIALIZED_AUTOS = YES_AGGRESSIVE;
				GCC_WARN_UNUSED_FUNCTION = YES;
				GCC_WARN_UNUSED_VARIABLE = YES;
				IPHONEOS_DEPLOYMENT_TARGET = 9.2;
				MTL_ENABLE_DEBUG_INFO = YES;
				ONLY_ACTIVE_ARCH = YES;
				SDKROOT = iphoneos;
				SWIFT_OPTIMIZATION_LEVEL = "-Onone";
				TARGETED_DEVICE_FAMILY = "1,2";
			};
			name = Debug;
		};
		E259F1D91C3F289100449613 /* Release */ = {
			isa = XCBuildConfiguration;
			buildSettings = {
				ALWAYS_SEARCH_USER_PATHS = NO;
				CLANG_CXX_LANGUAGE_STANDARD = "gnu++0x";
				CLANG_CXX_LIBRARY = "libc++";
				CLANG_ENABLE_MODULES = YES;
				CLANG_ENABLE_OBJC_ARC = YES;
				CLANG_WARN_BOOL_CONVERSION = YES;
				CLANG_WARN_CONSTANT_CONVERSION = YES;
				CLANG_WARN_DIRECT_OBJC_ISA_USAGE = YES_ERROR;
				CLANG_WARN_EMPTY_BODY = YES;
				CLANG_WARN_ENUM_CONVERSION = YES;
				CLANG_WARN_INT_CONVERSION = YES;
				CLANG_WARN_OBJC_ROOT_CLASS = YES_ERROR;
				CLANG_WARN_UNREACHABLE_CODE = YES;
				CLANG_WARN__DUPLICATE_METHOD_MATCH = YES;
				"CODE_SIGN_IDENTITY[sdk=iphoneos*]" = "iPhone Developer";
				COPY_PHASE_STRIP = NO;
				DEBUG_INFORMATION_FORMAT = "dwarf-with-dsym";
				ENABLE_NS_ASSERTIONS = NO;
				ENABLE_STRICT_OBJC_MSGSEND = YES;
				GCC_C_LANGUAGE_STANDARD = gnu99;
				GCC_NO_COMMON_BLOCKS = YES;
				GCC_WARN_64_TO_32_BIT_CONVERSION = YES;
				GCC_WARN_ABOUT_RETURN_TYPE = YES_ERROR;
				GCC_WARN_UNDECLARED_SELECTOR = YES;
				GCC_WARN_UNINITIALIZED_AUTOS = YES_AGGRESSIVE;
				GCC_WARN_UNUSED_FUNCTION = YES;
				GCC_WARN_UNUSED_VARIABLE = YES;
				IPHONEOS_DEPLOYMENT_TARGET = 9.2;
				MTL_ENABLE_DEBUG_INFO = NO;
				SDKROOT = iphoneos;
				TARGETED_DEVICE_FAMILY = "1,2";
				VALIDATE_PRODUCT = YES;
			};
			name = Release;
		};
		E259F1DB1C3F289100449613 /* Debug */ = {
			isa = XCBuildConfiguration;
			buildSettings = {
				ASSETCATALOG_COMPILER_APPICON_NAME = AppIcon;
				INFOPLIST_FILE = PruebaGit1/Info.plist;
				LD_RUNPATH_SEARCH_PATHS = "$(inherited) @executable_path/Frameworks";
				PRODUCT_BUNDLE_IDENTIFIER = hmg.PruebaGit1;
				PRODUCT_NAME = "$(TARGET_NAME)";
			};
			name = Debug;
		};
		E259F1DC1C3F289100449613 /* Release */ = {
			isa = XCBuildConfiguration;
			buildSettings = {
				ASSETCATALOG_COMPILER_APPICON_NAME = AppIcon;
				INFOPLIST_FILE = PruebaGit1/Info.plist;
				LD_RUNPATH_SEARCH_PATHS = "$(inherited) @executable_path/Frameworks";
				PRODUCT_BUNDLE_IDENTIFIER = hmg.PruebaGit1;
				PRODUCT_NAME = "$(TARGET_NAME)";
			};
			name = Release;
		};
/* End XCBuildConfiguration section */

/* Begin XCConfigurationList section */
		E259F1C31C3F289100449613 /* Build configuration list for PBXProject "PruebaGit1" */ = {
			isa = XCConfigurationList;
			buildConfigurations = (
				E259F1D81C3F289100449613 /* Debug */,
				E259F1D91C3F289100449613 /* Release */,
			);
			defaultConfigurationIsVisible = 0;
			defaultConfigurationName = Release;
		};
		E259F1DA1C3F289100449613 /* Build configuration list for PBXNativeTarget "PruebaGit1" */ = {
			isa = XCConfigurationList;
			buildConfigurations = (
				E259F1DB1C3F289100449613 /* Debug */,
				E259F1DC1C3F289100449613 /* Release */,
			);
			defaultConfigurationIsVisible = 0;
		};
/* End XCConfigurationList section */
	};
	rootObject = E259F1C01C3F289100449613 /* Project object */;
}
